
Microsoft Visual Studio Solution File, Format Version 12.00
# Visual Studio Version 17
VisualStudioVersion = 17.5.33414.496
MinimumVisualStudioVersion = 10.0.40219.1
Project("{FAE04EC0-301F-11D3-BF4B-00C04F79EFBC}") = "Lean.Serial", "Lean.Serial\Lean.Serial.csproj", "{84A20E8D-C76F-4A62-851A-13881983DD25}"
EndProject
Global
	GlobalSection(SolutionConfigurationPlatforms) = preSolution
		Debug|Any CPU = Debug|Any CPU
		Release|Any CPU = Release|Any CPU
	EndGlobalSection
	GlobalSection(ProjectConfigurationPlatforms) = postSolution
		{84A20E8D-C76F-4A62-851A-13881983DD25}.Debug|Any CPU.ActiveCfg = Debug|Any CPU
		{84A20E8D-C76F-4A62-851A-13881983DD25}.Debug|Any CPU.Build.0 = Debug|Any CPU
		{84A20E8D-C76F-4A62-851A-13881983DD25}.Release|Any CPU.ActiveCfg = Release|Any CPU
		{84A20E8D-C76F-4A62-851A-13881983DD25}.Release|Any CPU.Build.0 = Release|Any CPU
	EndGlobalSection
	GlobalSection(SolutionProperties) = preSolution
		HideSolutionNode = FALSE
	EndGlobalSection
	GlobalSection(ExtensibilityGlobals) = postSolution
		SolutionGuid = {E05F8910-6AF2-44F1-9FDC-3083A530FB72}
	EndGlobalSection
EndGlobal
